
Microsoft Visual Studio Solution File, Format Version 12.00
# Visual Studio Version 16
VisualStudioVersion = 16.0.31829.152
MinimumVisualStudioVersion = 10.0.40219.1
Project("{2150E333-8FDC-42A3-9474-1A3956D46DE8}") = "Services", "Services", "{6A5F4C22-4ADB-4BEB-81C5-32BC821F1903}"
EndProject
Project("{2150E333-8FDC-42A3-9474-1A3956D46DE8}") = "Catalog", "Catalog", "{BCAB77A8-099F-4542-B189-3395831A1F3E}"
EndProject
Project("{9A19103F-16F7-4668-BE54-9A1E7A4F7556}") = "Catalog.API", "Services\Catalog\Catalog.API\Catalog.API.csproj", "{F8023D50-97BC-473D-98DB-3B916268FA2C}"
EndProject
Project("{E53339B2-1760-4266-BCC7-CA923CBCF16C}") = "docker-compose", "docker-compose.dcproj", "{BC9D0BA2-FF0E-48B1-8EFB-C3D656B9D109}"
EndProject
Project("{2150E333-8FDC-42A3-9474-1A3956D46DE8}") = "Basket", "Basket", "{D21A5939-C27E-4A86-B254-95A225810BEF}"
EndProject
Project("{9A19103F-16F7-4668-BE54-9A1E7A4F7556}") = "Basket.API", "Services\Basket\Basket.API\Basket.API.csproj", "{3501F8C2-0055-4FFF-97AF-C7BBBA1EED41}"
EndProject
Project("{2150E333-8FDC-42A3-9474-1A3956D46DE8}") = "Discount", "Discount", "{1970C1DB-F2CE-4EFB-A676-5FE50D60518B}"
EndProject
Project("{FAE04EC0-301F-11D3-BF4B-00C04F79EFBC}") = "Discount.API", "Services\Discount\Discount.API\Discount.API.csproj", "{EBB92F5B-E6F4-479D-AEC1-7E77129011F2}"
EndProject
Global
	GlobalSection(SolutionConfigurationPlatforms) = preSolution
		Debug|Any CPU = Debug|Any CPU
		Release|Any CPU = Release|Any CPU
	EndGlobalSection
	GlobalSection(ProjectConfigurationPlatforms) = postSolution
		{F8023D50-97BC-473D-98DB-3B916268FA2C}.Debug|Any CPU.ActiveCfg = Debug|Any CPU
		{F8023D50-97BC-473D-98DB-3B916268FA2C}.Debug|Any CPU.Build.0 = Debug|Any CPU
		{F8023D50-97BC-473D-98DB-3B916268FA2C}.Release|Any CPU.ActiveCfg = Release|Any CPU
		{F8023D50-97BC-473D-98DB-3B916268FA2C}.Release|Any CPU.Build.0 = Release|Any CPU
		{BC9D0BA2-FF0E-48B1-8EFB-C3D656B9D109}.Debug|Any CPU.ActiveCfg = Debug|Any CPU
		{BC9D0BA2-FF0E-48B1-8EFB-C3D656B9D109}.Debug|Any CPU.Build.0 = Debug|Any CPU
		{BC9D0BA2-FF0E-48B1-8EFB-C3D656B9D109}.Release|Any CPU.ActiveCfg = Release|Any CPU
		{BC9D0BA2-FF0E-48B1-8EFB-C3D656B9D109}.Release|Any CPU.Build.0 = Release|Any CPU
		{3501F8C2-0055-4FFF-97AF-C7BBBA1EED41}.Debug|Any CPU.ActiveCfg = Debug|Any CPU
		{3501F8C2-0055-4FFF-97AF-C7BBBA1EED41}.Debug|Any CPU.Build.0 = Debug|Any CPU
		{3501F8C2-0055-4FFF-97AF-C7BBBA1EED41}.Release|Any CPU.ActiveCfg = Release|Any CPU
		{3501F8C2-0055-4FFF-97AF-C7BBBA1EED41}.Release|Any CPU.Build.0 = Release|Any CPU
		{EBB92F5B-E6F4-479D-AEC1-7E77129011F2}.Debug|Any CPU.ActiveCfg = Debug|Any CPU
		{EBB92F5B-E6F4-479D-AEC1-7E77129011F2}.Debug|Any CPU.Build.0 = Debug|Any CPU
		{EBB92F5B-E6F4-479D-AEC1-7E77129011F2}.Release|Any CPU.ActiveCfg = Release|Any CPU
		{EBB92F5B-E6F4-479D-AEC1-7E77129011F2}.Release|Any CPU.Build.0 = Release|Any CPU
	EndGlobalSection
	GlobalSection(SolutionProperties) = preSolution
		HideSolutionNode = FALSE
	EndGlobalSection
	GlobalSection(NestedProjects) = preSolution
		{BCAB77A8-099F-4542-B189-3395831A1F3E} = {6A5F4C22-4ADB-4BEB-81C5-32BC821F1903}
		{F8023D50-97BC-473D-98DB-3B916268FA2C} = {BCAB77A8-099F-4542-B189-3395831A1F3E}
		{D21A5939-C27E-4A86-B254-95A225810BEF} = {6A5F4C22-4ADB-4BEB-81C5-32BC821F1903}
		{3501F8C2-0055-4FFF-97AF-C7BBBA1EED41} = {D21A5939-C27E-4A86-B254-95A225810BEF}
		{1970C1DB-F2CE-4EFB-A676-5FE50D60518B} = {6A5F4C22-4ADB-4BEB-81C5-32BC821F1903}
		{EBB92F5B-E6F4-479D-AEC1-7E77129011F2} = {1970C1DB-F2CE-4EFB-A676-5FE50D60518B}
	EndGlobalSection
	GlobalSection(ExtensibilityGlobals) = postSolution
		SolutionGuid = {C505EA87-80B1-46FB-BB8D-9D2E95E8F72B}
	EndGlobalSection
EndGlobal
